
Microsoft Visual Studio Solution File, Format Version 12.00
# Visual Studio Version 17
VisualStudioVersion = 17.3.32901.215
MinimumVisualStudioVersion = 10.0.40219.1
Project("{FAE04EC0-301F-11D3-BF4B-00C04F79EFBC}") = "WebDataSciencer", "WebDataSciencer\WebDataSciencer.csproj", "{C6986372-ED19-4115-9107-D3AAC8FC94E5}"
EndProject
Global
	GlobalSection(SolutionConfigurationPlatforms) = preSolution
		Debug|Any CPU = Debug|Any CPU
		Release|Any CPU = Release|Any CPU
	EndGlobalSection
	GlobalSection(ProjectConfigurationPlatforms) = postSolution
		{C6986372-ED19-4115-9107-D3AAC8FC94E5}.Debug|Any CPU.ActiveCfg = Debug|Any CPU
		{C6986372-ED19-4115-9107-D3AAC8FC94E5}.Debug|Any CPU.Build.0 = Debug|Any CPU
		{C6986372-ED19-4115-9107-D3AAC8FC94E5}.Release|Any CPU.ActiveCfg = Release|Any CPU
		{C6986372-ED19-4115-9107-D3AAC8FC94E5}.Release|Any CPU.Build.0 = Release|Any CPU
	EndGlobalSection
	GlobalSection(SolutionProperties) = preSolution
		HideSolutionNode = FALSE
	EndGlobalSection
	GlobalSection(ExtensibilityGlobals) = postSolution
		SolutionGuid = {1A8ED8DA-41CB-45D5-A62C-1ECC064FE416}
	EndGlobalSection
EndGlobal
